
Microsoft Visual Studio Solution File, Format Version 12.00
# Visual Studio Version 16
VisualStudioVersion = 16.0.30611.23
MinimumVisualStudioVersion = 10.0.40219.1
Project("{FAE04EC0-301F-11D3-BF4B-00C04F79EFBC}") = "winls", "winls.csproj", "{9A6F4B73-1F7C-4A2D-B923-4224501D5076}"
EndProject
Global
	GlobalSection(SolutionConfigurationPlatforms) = preSolution
		Debug|Any CPU = Debug|Any CPU
		Release|Any CPU = Release|Any CPU
	EndGlobalSection
	GlobalSection(ProjectConfigurationPlatforms) = postSolution
		{9A6F4B73-1F7C-4A2D-B923-4224501D5076}.Debug|Any CPU.ActiveCfg = Debug|Any CPU
		{9A6F4B73-1F7C-4A2D-B923-4224501D5076}.Debug|Any CPU.Build.0 = Debug|Any CPU
		{9A6F4B73-1F7C-4A2D-B923-4224501D5076}.Release|Any CPU.ActiveCfg = Release|Any CPU
		{9A6F4B73-1F7C-4A2D-B923-4224501D5076}.Release|Any CPU.Build.0 = Release|Any CPU
	EndGlobalSection
	GlobalSection(SolutionProperties) = preSolution
		HideSolutionNode = FALSE
	EndGlobalSection
	GlobalSection(ExtensibilityGlobals) = postSolution
		SolutionGuid = {11AAFB25-4B56-413C-BFD8-C6DEBB97B492}
	EndGlobalSection
EndGlobal
